
Microsoft Visual Studio Solution File, Format Version 12.00
# Visual Studio Version 17
VisualStudioVersion = 17.3.32929.385
MinimumVisualStudioVersion = 10.0.40219.1
Project("{FAE04EC0-301F-11D3-BF4B-00C04F79EFBC}") = "DB_Test", "DB_Test.csproj", "{24FDB061-1AB4-45F2-97E6-8CD975142685}"
EndProject
Global
	GlobalSection(SolutionConfigurationPlatforms) = preSolution
		Debug|Any CPU = Debug|Any CPU
		Release|Any CPU = Release|Any CPU
	EndGlobalSection
	GlobalSection(ProjectConfigurationPlatforms) = postSolution
		{24FDB061-1AB4-45F2-97E6-8CD975142685}.Debug|Any CPU.ActiveCfg = Debug|Any CPU
		{24FDB061-1AB4-45F2-97E6-8CD975142685}.Debug|Any CPU.Build.0 = Debug|Any CPU
		{24FDB061-1AB4-45F2-97E6-8CD975142685}.Release|Any CPU.ActiveCfg = Release|Any CPU
		{24FDB061-1AB4-45F2-97E6-8CD975142685}.Release|Any CPU.Build.0 = Release|Any CPU
	EndGlobalSection
	GlobalSection(SolutionProperties) = preSolution
		HideSolutionNode = FALSE
	EndGlobalSection
	GlobalSection(ExtensibilityGlobals) = postSolution
		SolutionGuid = {CACB2A5A-CDDB-4AA0-BDC9-6D521A35A76F}
	EndGlobalSection
EndGlobal
